
Microsoft Visual Studio Solution File, Format Version 12.00
# Visual Studio Version 17
VisualStudioVersion = 17.9.34714.143
MinimumVisualStudioVersion = 10.0.40219.1
Project("{9A19103F-16F7-4668-BE54-9A1E7A4F7556}") = "Employeeclass", "Employeeclass\Employeeclass.csproj", "{955914B6-8210-41CF-963A-7568A9228987}"
EndProject
Project("{FAE04EC0-301F-11D3-BF4B-00C04F79EFBC}") = "Menu", "Menu\Menu.csproj", "{474B19E2-A7E5-4526-BBA3-6FDA273999DD}"
EndProject
Global
	GlobalSection(SolutionConfigurationPlatforms) = preSolution
		Debug|Any CPU = Debug|Any CPU
		Release|Any CPU = Release|Any CPU
	EndGlobalSection
	GlobalSection(ProjectConfigurationPlatforms) = postSolution
		{955914B6-8210-41CF-963A-7568A9228987}.Debug|Any CPU.ActiveCfg = Debug|Any CPU
		{955914B6-8210-41CF-963A-7568A9228987}.Debug|Any CPU.Build.0 = Debug|Any CPU
		{955914B6-8210-41CF-963A-7568A9228987}.Release|Any CPU.ActiveCfg = Release|Any CPU
		{955914B6-8210-41CF-963A-7568A9228987}.Release|Any CPU.Build.0 = Release|Any CPU
		{474B19E2-A7E5-4526-BBA3-6FDA273999DD}.Debug|Any CPU.ActiveCfg = Debug|Any CPU
		{474B19E2-A7E5-4526-BBA3-6FDA273999DD}.Debug|Any CPU.Build.0 = Debug|Any CPU
		{474B19E2-A7E5-4526-BBA3-6FDA273999DD}.Release|Any CPU.ActiveCfg = Release|Any CPU
		{474B19E2-A7E5-4526-BBA3-6FDA273999DD}.Release|Any CPU.Build.0 = Release|Any CPU
	EndGlobalSection
	GlobalSection(SolutionProperties) = preSolution
		HideSolutionNode = FALSE
	EndGlobalSection
	GlobalSection(ExtensibilityGlobals) = postSolution
		SolutionGuid = {2C020DDB-8475-4817-B1EE-322CBB6BD79A}
	EndGlobalSection
EndGlobal
